
Microsoft Visual Studio Solution File, Format Version 12.00
# Visual Studio Version 16
VisualStudioVersion = 16.0.30717.126
MinimumVisualStudioVersion = 10.0.40219.1
Project("{FAE04EC0-301F-11D3-BF4B-00C04F79EFBC}") = "Game_RussianRoulette", "Game_RussianRoulette.csproj", "{C0A40246-D2B4-4A31-A8EA-7D8E559EF77E}"
EndProject
Project("{FAE04EC0-301F-11D3-BF4B-00C04F79EFBC}") = "Game_unit_testing", "Game_unit_testing\Game_unit_testing.csproj", "{76CFC68B-B247-4871-8BB5-4AC3942D4FD9}"
EndProject
Global
	GlobalSection(SolutionConfigurationPlatforms) = preSolution
		Debug|Any CPU = Debug|Any CPU
		Release|Any CPU = Release|Any CPU
	EndGlobalSection
	GlobalSection(ProjectConfigurationPlatforms) = postSolution
		{C0A40246-D2B4-4A31-A8EA-7D8E559EF77E}.Debug|Any CPU.ActiveCfg = Debug|Any CPU
		{C0A40246-D2B4-4A31-A8EA-7D8E559EF77E}.Debug|Any CPU.Build.0 = Debug|Any CPU
		{C0A40246-D2B4-4A31-A8EA-7D8E559EF77E}.Release|Any CPU.ActiveCfg = Release|Any CPU
		{C0A40246-D2B4-4A31-A8EA-7D8E559EF77E}.Release|Any CPU.Build.0 = Release|Any CPU
		{76CFC68B-B247-4871-8BB5-4AC3942D4FD9}.Debug|Any CPU.ActiveCfg = Debug|Any CPU
		{76CFC68B-B247-4871-8BB5-4AC3942D4FD9}.Debug|Any CPU.Build.0 = Debug|Any CPU
		{76CFC68B-B247-4871-8BB5-4AC3942D4FD9}.Release|Any CPU.ActiveCfg = Release|Any CPU
		{76CFC68B-B247-4871-8BB5-4AC3942D4FD9}.Release|Any CPU.Build.0 = Release|Any CPU
	EndGlobalSection
	GlobalSection(SolutionProperties) = preSolution
		HideSolutionNode = FALSE
	EndGlobalSection
	GlobalSection(ExtensibilityGlobals) = postSolution
		SolutionGuid = {FEA79284-6DAD-4CDE-80AD-37A383D8FD70}
	EndGlobalSection
EndGlobal
